
Microsoft Visual Studio Solution File, Format Version 12.00
# Visual Studio 11
Project("{FAE04EC0-301F-11D3-BF4B-00C04F79EFBC}") = "Saml2.Web", "Saml2.Web\Saml2.Web.csproj", "{B05026E2-A0E3-473A-858C-5408B228AD48}"
EndProject
Global
	GlobalSection(SolutionConfigurationPlatforms) = preSolution
		Debug|Any CPU = Debug|Any CPU
		Release|Any CPU = Release|Any CPU
	EndGlobalSection
	GlobalSection(ProjectConfigurationPlatforms) = postSolution
		{B05026E2-A0E3-473A-858C-5408B228AD48}.Debug|Any CPU.ActiveCfg = Debug|Any CPU
		{B05026E2-A0E3-473A-858C-5408B228AD48}.Debug|Any CPU.Build.0 = Debug|Any CPU
		{B05026E2-A0E3-473A-858C-5408B228AD48}.Release|Any CPU.ActiveCfg = Release|Any CPU
		{B05026E2-A0E3-473A-858C-5408B228AD48}.Release|Any CPU.Build.0 = Release|Any CPU
	EndGlobalSection
	GlobalSection(SolutionProperties) = preSolution
		HideSolutionNode = FALSE
	EndGlobalSection
EndGlobal
